// !$*UTF8*$!
{
	archiveVersion = 1;
	classes = {
	};
	objectVersion = 50;
	objects = {

/* Begin PBXBuildFile section */
		366603FC23F1C24A00667853 /* AppDelegate.m in Sources */ = {isa = PBXBuildFile; fileRef = 366603FB23F1C24A00667853 /* AppDelegate.m */; };
		366603FF23F1C24A00667853 /* SceneDelegate.m in Sources */ = {isa = PBXBuildFile; fileRef = 366603FE23F1C24A00667853 /* SceneDelegate.m */; };
		3666040223F1C24A00667853 /* ViewController.m in Sources */ = {isa = PBXBuildFile; fileRef = 3666040123F1C24A00667853 /* ViewController.m */; };
		3666040523F1C24A00667853 /* Main.storyboard in Resources */ = {isa = PBXBuildFile; fileRef = 3666040323F1C24A00667853 /* Main.storyboard */; };
		3666040723F1C24E00667853 /* Assets.xcassets in Resources */ = {isa = PBXBuildFile; fileRef = 3666040623F1C24E00667853 /* Assets.xcassets */; };
		3666040A23F1C24E00667853 /* LaunchScreen.storyboard in Resources */ = {isa = PBXBuildFile; fileRef = 3666040823F1C24E00667853 /* LaunchScreen.storyboard */; };
		3666040D23F1C24E00667853 /* main.m in Sources */ = {isa = PBXBuildFile; fileRef = 3666040C23F1C24E00667853 /* main.m */; };
/* End PBXBuildFile section */

/* Begin PBXFileReference section */
		366603F723F1C24900667853 /* NotepadMQTT.app */ = {isa = PBXFileReference; explicitFileType = wrapper.application; includeInIndex = 0; path = NotepadMQTT.app; sourceTree = BUILT_PRODUCTS_DIR; };
		366603FA23F1C24900667853 /* AppDelegate.h */ = {isa = PBXFileReference; lastKnownFileType = sourcecode.c.h; path = AppDelegate.h; sourceTree = "<group>"; };
		366603FB23F1C24A00667853 /* AppDelegate.m */ = {isa = PBXFileReference; lastKnownFileType = sourcecode.c.objc; path = AppDelegate.m; sourceTree = "<group>"; };
		366603FD23F1C24A00667853 /* SceneDelegate.h */ = {isa = PBXFileReference; lastKnownFileType = sourcecode.c.h; path = SceneDelegate.h; sourceTree = "<group>"; };
		366603FE23F1C24A00667853 /* SceneDelegate.m */ = {isa = PBXFileReference; lastKnownFileType = sourcecode.c.objc; path = SceneDelegate.m; sourceTree = "<group>"; };
		3666040023F1C24A00667853 /* ViewController.h */ = {isa = PBXFileReference; lastKnownFileType = sourcecode.c.h; path = ViewController.h; sourceTree = "<group>"; };
		3666040123F1C24A00667853 /* ViewController.m */ = {isa = PBXFileReference; lastKnownFileType = sourcecode.c.objc; path = ViewController.m; sourceTree = "<group>"; };
		3666040423F1C24A00667853 /* Base */ = {isa = PBXFileReference; lastKnownFileType = file.storyboard; name = Base; path = Base.lproj/Main.storyboard; sourceTree = "<group>"; };
		3666040623F1C24E00667853 /* Assets.xcassets */ = {isa = PBXFileReference; lastKnownFileType = folder.assetcatalog; path = Assets.xcassets; sourceTree = "<group>"; };
		3666040923F1C24E00667853 /* Base */ = {isa = PBXFileReference; lastKnownFileType = file.storyboard; name = Base; path = Base.lproj/LaunchScreen.storyboard; sourceTree = "<group>"; };
		3666040B23F1C24E00667853 /* Info.plist */ = {isa = PBXFileReference; lastKnownFileType = text.plist.xml; path = Info.plist; sourceTree = "<group>"; };
		3666040C23F1C24E00667853 /* main.m */ = {isa = PBXFileReference; lastKnownFileType = sourcecode.c.objc; path = main.m; sourceTree = "<group>"; };
/* End PBXFileReference section */

/* Begin PBXFrameworksBuildPhase section */
		366603F423F1C24900667853 /* Frameworks */ = {
			isa = PBXFrameworksBuildPhase;
			buildActionMask = 2147483647;
			files = (
			);
			runOnlyForDeploymentPostprocessing = 0;
		};
/* End PBXFrameworksBuildPhase section */

/* Begin PBXGroup section */
		366603EE23F1C24900667853 = {
			isa = PBXGroup;
			children = (
				366603F923F1C24900667853 /* NotepadMQTT */,
				366603F823F1C24900667853 /* Products */,
			);
			sourceTree = "<group>";
		};
		366603F823F1C24900667853 /* Products */ = {
			isa = PBXGroup;
			children = (
				366603F723F1C24900667853 /* NotepadMQTT.app */,
			);
			name = Products;
			sourceTree = "<group>";
		};
		366603F923F1C24900667853 /* NotepadMQTT */ = {
			isa = PBXGroup;
			children = (
				366603FA23F1C24900667853 /* AppDelegate.h */,
				366603FB23F1C24A00667853 /* AppDelegate.m */,
				366603FD23F1C24A00667853 /* SceneDelegate.h */,
				366603FE23F1C24A00667853 /* SceneDelegate.m */,
				3666040023F1C24A00667853 /* ViewController.h */,
				3666040123F1C24A00667853 /* ViewController.m */,
				3666040323F1C24A00667853 /* Main.storyboard */,
				3666040623F1C24E00667853 /* Assets.xcassets */,
				3666040823F1C24E00667853 /* LaunchScreen.storyboard */,
				3666040B23F1C24E00667853 /* Info.plist */,
				3666040C23F1C24E00667853 /* main.m */,
			);
			path = NotepadMQTT;
			sourceTree = "<group>";
		};
/* End PBXGroup section */

/* Begin PBXNativeTarget section */
		366603F623F1C24900667853 /* NotepadMQTT */ = {
			isa = PBXNativeTarget;
			buildConfigurationList = 3666041023F1C24E00667853 /* Build configuration list for PBXNativeTarget "NotepadMQTT" */;
			buildPhases = (
				366603F323F1C24900667853 /* Sources */,
				366603F423F1C24900667853 /* Frameworks */,
				366603F523F1C24900667853 /* Resources */,
			);
			buildRules = (
			);
			dependencies = (
			);
			name = NotepadMQTT;
			productName = NotepadMQTT;
			productReference = 366603F723F1C24900667853 /* NotepadMQTT.app */;
			productType = "com.apple.product-type.application";
		};
/* End PBXNativeTarget section */

/* Begin PBXProject section */
		366603EF23F1C24900667853 /* Project object */ = {
			isa = PBXProject;
			attributes = {
				LastUpgradeCheck = 1100;
				ORGANIZATIONNAME = "justin lee";
				TargetAttributes = {
					366603F623F1C24900667853 = {
						CreatedOnToolsVersion = 11.0;
					};
				};
			};
			buildConfigurationList = 366603F223F1C24900667853 /* Build configuration list for PBXProject "NotepadMQTT" */;
			compatibilityVersion = "Xcode 9.3";
			developmentRegion = en;
			hasScannedForEncodings = 0;
			knownRegions = (
				en,
				Base,
			);
			mainGroup = 366603EE23F1C24900667853;
			productRefGroup = 366603F823F1C24900667853 /* Products */;
			projectDirPath = "";
			projectRoot = "";
			targets = (
				366603F623F1C24900667853 /* NotepadMQTT */,
			);
		};
/* End PBXProject section */

/* Begin PBXResourcesBuildPhase section */
		366603F523F1C24900667853 /* Resources */ = {
			isa = PBXResourcesBuildPhase;
			buildActionMask = 2147483647;
			files = (
				3666040A23F1C24E00667853 /* LaunchScreen.storyboard in Resources */,
				3666040723F1C24E00667853 /* Assets.xcassets in Resources */,
				3666040523F1C24A00667853 /* Main.storyboard in Resources */,
			);
			runOnlyForDeploymentPostprocessing = 0;
		};
/* End PBXResourcesBuildPhase section */

/* Begin PBXSourcesBuildPhase section */
		366603F323F1C24900667853 /* Sources */ = {
			isa = PBXSourcesBuildPhase;
			buildActionMask = 2147483647;
			files = (
				3666040223F1C24A00667853 /* ViewController.m in Sources */,
				366603FC23F1C24A00667853 /* AppDelegate.m in Sources */,
				3666040D23F1C24E00667853 /* main.m in Sources */,
				366603FF23F1C24A00667853 /* SceneDelegate.m in Sources */,
			);
			runOnlyForDeploymentPostprocessing = 0;
		};
/* End PBXSourcesBuildPhase section */

/* Begin PBXVariantGroup section */
		3666040323F1C24A00667853 /* Main.storyboard */ = {
			isa = PBXVariantGroup;
			children = (
				3666040423F1C24A00667853 /* Base */,
			);
			name = Main.storyboard;
			sourceTree = "<group>";
		};
		3666040823F1C24E00667853 /* LaunchScreen.storyboard */ = {
			isa = PBXVariantGroup;
			children = (
				3666040923F1C24E00667853 /* Base */,
			);
			name = LaunchScreen.storyboard;
			sourceTree = "<group>";
		};
/* End PBXVariantGroup section */

/* Begin XCBuildConfiguration section */
		3666040E23F1C24E00667853 /* Debug */ = {
			isa = XCBuildConfiguration;
			buildSettings = {
				ALWAYS_SEARCH_USER_PATHS = NO;
				CLANG_ANALYZER_NONNULL = YES;
				CLANG_ANALYZER_NUMBER_OBJECT_CONVERSION = YES_AGGRESSIVE;
				CLANG_CXX_LANGUAGE_STANDARD = "gnu++14";
				CLANG_CXX_LIBRARY = "libc++";
				CLANG_ENABLE_MODULES = YES;
				CLANG_ENABLE_OBJC_ARC = YES;
				CLANG_ENABLE_OBJC_WEAK = YES;
				CLANG_WARN_BLOCK_CAPTURE_AUTORELEASING = YES;
				CLANG_WARN_BOOL_CONVERSION = YES;
				CLANG_WARN_COMMA = YES;
				CLANG_WARN_CONSTANT_CONVERSION = YES;
				CLANG_WARN_DEPRECATED_OBJC_IMPLEMENTATIONS = YES;
				CLANG_WARN_DIRECT_OBJC_ISA_USAGE = YES_ERROR;
				CLANG_WARN_DOCUMENTATION_COMMENTS = YES;
				CLANG_WARN_EMPTY_BODY = YES;
				CLANG_WARN_ENUM_CONVERSION = YES;
				CLANG_WARN_INFINITE_RECURSION = YES;
				CLANG_WARN_INT_CONVERSION = YES;
				CLANG_WARN_NON_LITERAL_NULL_CONVERSION = YES;
				CLANG_WARN_OBJC_IMPLICIT_RETAIN_SELF = YES;
				CLANG_WARN_OBJC_LITERAL_CONVERSION = YES;
				CLANG_WARN_OBJC_ROOT_CLASS = YES_ERROR;
				CLANG_WARN_RANGE_LOOP_ANALYSIS = YES;
				CLANG_WARN_STRICT_PROTOTYPES = YES;
				CLANG_WARN_SUSPICIOUS_MOVE = YES;
				CLANG_WARN_UNGUARDED_AVAILABILITY = YES_AGGRESSIVE;
				CLANG_WARN_UNREACHABLE_CODE = YES;
				CLANG_WARN__DUPLICATE_METHOD_MATCH = YES;
				COPY_PHASE_STRIP = NO;
				DEBUG_INFORMATION_FORMAT = dwarf;
				ENABLE_STRICT_OBJC_MSGSEND = YES;
				ENABLE_TESTABILITY = YES;
				GCC_C_LANGUAGE_STANDARD = gnu11;
				GCC_DYNAMIC_NO_PIC = NO;
				GCC_NO_COMMON_BLOCKS = YES;
				GCC_OPTIMIZATION_LEVEL = 0;
				GCC_PREPROCESSOR_DEFINITIONS = (
					"DEBUG=1",
					"$(inherited)",
				);
				GCC_WARN_64_TO_32_BIT_CONVERSION = YES;
				GCC_WARN_ABOUT_RETURN_TYPE = YES_ERROR;
				GCC_WARN_UNDECLARED_SELECTOR = YES;
				GCC_WARN_UNINITIALIZED_AUTOS = YES_AGGRESSIVE;
				GCC_WARN_UNUSED_FUNCTION = YES;
				GCC_WARN_UNUSED_VARIABLE = YES;
				IPHONEOS_DEPLOYMENT_TARGET = 13.0;
				MTL_ENABLE_DEBUG_INFO = INCLUDE_SOURCE;
				MTL_FAST_MATH = YES;
				ONLY_ACTIVE_ARCH = YES;
				SDKROOT = iphoneos;
			};
			name = Debug;
		};
		3666040F23F1C24E00667853 /* Release */ = {
			isa = XCBuildConfiguration;
			buildSettings = {
				ALWAYS_SEARCH_USER_PATHS = NO;
				CLANG_ANALYZER_NONNULL = YES;
				CLANG_ANALYZER_NUMBER_OBJECT_CONVERSION = YES_AGGRESSIVE;
				CLANG_CXX_LANGUAGE_STANDARD = "gnu++14";
				CLANG_CXX_LIBRARY = "libc++";
				CLANG_ENABLE_MODULES = YES;
				CLANG_ENABLE_OBJC_ARC = YES;
				CLANG_ENABLE_OBJC_WEAK = YES;
				CLANG_WARN_BLOCK_CAPTURE_AUTORELEASING = YES;
				CLANG_WARN_BOOL_CONVERSION = YES;
				CLANG_WARN_COMMA = YES;
				CLANG_WARN_CONSTANT_CONVERSION = YES;
				CLANG_WARN_DEPRECATED_OBJC_IMPLEMENTATIONS = YES;
				CLANG_WARN_DIRECT_OBJC_ISA_USAGE = YES_ERROR;
				CLANG_WARN_DOCUMENTATION_COMMENTS = YES;
				CLANG_WARN_EMPTY_BODY = YES;
				CLANG_WARN_ENUM_CONVERSION = YES;
				CLANG_WARN_INFINITE_RECURSION = YES;
				CLANG_WARN_INT_CONVERSION = YES;
				CLANG_WARN_NON_LITERAL_NULL_CONVERSION = YES;
				CLANG_WARN_OBJC_IMPLICIT_RETAIN_SELF = YES;
				CLANG_WARN_OBJC_LITERAL_CONVERSION = YES;
				CLANG_WARN_OBJC_ROOT_CLASS = YES_ERROR;
				CLANG_WARN_RANGE_LOOP_ANALYSIS = YES;
				CLANG_WARN_STRICT_PROTOTYPES = YES;
				CLANG_WARN_SUSPICIOUS_MOVE = YES;
				CLANG_WARN_UNGUARDED_AVAILABILITY = YES_AGGRESSIVE;
				CLANG_WARN_UNREACHABLE_CODE = YES;
				CLANG_WARN__DUPLICATE_METHOD_MATCH = YES;
				COPY_PHASE_STRIP = NO;
				DEBUG_INFORMATION_FORMAT = "dwarf-with-dsym";
				ENABLE_NS_ASSERTIONS = NO;
				ENABLE_STRICT_OBJC_MSGSEND = YES;
				GCC_C_LANGUAGE_STANDARD = gnu11;
				GCC_NO_COMMON_BLOCKS = YES;
				GCC_WARN_64_TO_32_BIT_CONVERSION = YES;
				GCC_WARN_ABOUT_RETURN_TYPE = YES_ERROR;
				GCC_WARN_UNDECLARED_SELECTOR = YES;
				GCC_WARN_UNINITIALIZED_AUTOS = YES_AGGRESSIVE;
				GCC_WARN_UNUSED_FUNCTION = YES;
				GCC_WARN_UNUSED_VARIABLE = YES;
				IPHONEOS_DEPLOYMENT_TARGET = 13.0;
				MTL_ENABLE_DEBUG_INFO = NO;
				MTL_FAST_MATH = YES;
				SDKROOT = iphoneos;
				VALIDATE_PRODUCT = YES;
			};
			name = Release;
		};
		3666041123F1C24E00667853 /* Debug */ = {
			isa = XCBuildConfiguration;
			buildSettings = {
				ASSETCATALOG_COMPILER_APPICON_NAME = AppIcon;
				CODE_SIGN_STYLE = Automatic;
				DEVELOPMENT_TEAM = G5V5UU2P35;
				INFOPLIST_FILE = NotepadMQTT/Info.plist;
				LD_RUNPATH_SEARCH_PATHS = (
					"$(inherited)",
					"@executable_path/Frameworks",
				);
				PRODUCT_BUNDLE_IDENTIFIER = Madhatter.NotepadMQTT;
				PRODUCT_NAME = "$(TARGET_NAME)";
				TARGETED_DEVICE_FAMILY = "1,2";
			};
			name = Debug;
		};
		3666041223F1C24E00667853 /* Release */ = {
			isa = XCBuildConfiguration;
			buildSettings = {
				ASSETCATALOG_COMPILER_APPICON_NAME = AppIcon;
				CODE_SIGN_STYLE = Automatic;
				DEVELOPMENT_TEAM = G5V5UU2P35;
				INFOPLIST_FILE = NotepadMQTT/Info.plist;
				LD_RUNPATH_SEARCH_PATHS = (
					"$(inherited)",
					"@executable_path/Frameworks",
				);
				PRODUCT_BUNDLE_IDENTIFIER = Madhatter.NotepadMQTT;
				PRODUCT_NAME = "$(TARGET_NAME)";
				TARGETED_DEVICE_FAMILY = "1,2";
			};
			name = Release;
		};
/* End XCBuildConfiguration section */

/* Begin XCConfigurationList section */
		366603F223F1C24900667853 /* Build configuration list for PBXProject "NotepadMQTT" */ = {
			isa = XCConfigurationList;
			buildConfigurations = (
				3666040E23F1C24E00667853 /* Debug */,
				3666040F23F1C24E00667853 /* Release */,
			);
			defaultConfigurationIsVisible = 0;
			defaultConfigurationName = Release;
		};
		3666041023F1C24E00667853 /* Build configuration list for PBXNativeTarget "NotepadMQTT" */ = {
			isa = XCConfigurationList;
			buildConfigurations = (
				3666041123F1C24E00667853 /* Debug */,
				3666041223F1C24E00667853 /* Release */,
			);
			defaultConfigurationIsVisible = 0;
			defaultConfigurationName = Release;
		};
/* End XCConfigurationList section */
	};
	rootObject = 366603EF23F1C24900667853 /* Project object */;
}
